
Microsoft Visual Studio Solution File, Format Version 12.00
# Visual Studio Express 2013 for Windows Desktop
VisualStudioVersion = 12.0.31101.0
MinimumVisualStudioVersion = 10.0.40219.1
Project("{FAE04EC0-301F-11D3-BF4B-00C04F79EFBC}") = "XmlCacheTest", "XmlCacheTest\XmlCacheTest.csproj", "{A2A263D5-6E20-4C38-9F6E-26B2B3F6B008}"
EndProject
Project("{FAE04EC0-301F-11D3-BF4B-00C04F79EFBC}") = "CacheMan", "CacheMan\CacheMan.csproj", "{3AA180B5-87DC-4CCA-BAF9-AF3407427669}"
EndProject
Project("{FAE04EC0-301F-11D3-BF4B-00C04F79EFBC}") = "PluginEmpty", "PluginEmpty\PluginEmpty.csproj", "{D31F73ED-3978-44FA-B599-49584BA30D3A}"
EndProject
Project("{FAE04EC0-301F-11D3-BF4B-00C04F79EFBC}") = "PluginParentChild", "PluginParentChild\PluginParentChild.csproj", "{CA8F01AC-9582-4820-AA24-919EC747536E}"
EndProject
Project("{FAE04EC0-301F-11D3-BF4B-00C04F79EFBC}") = "PluginSystemVersion", "PluginSystemVersion\PluginSystemVersion.csproj", "{F43D0210-4CED-49B0-93C4-C694EFB44282}"
EndProject
Project("{2150E333-8FDC-42A3-9474-1A3956D46DE8}") = "Examples", "Examples", "{36B0F19D-2DBB-4E61-A673-F84749DC148E}"
EndProject
Global
	GlobalSection(SolutionConfigurationPlatforms) = preSolution
		Debug|x64 = Debug|x64
		Debug|x86 = Debug|x86
		Release|x64 = Release|x64
		Release|x86 = Release|x86
	EndGlobalSection
	GlobalSection(ProjectConfigurationPlatforms) = postSolution
		{A2A263D5-6E20-4C38-9F6E-26B2B3F6B008}.Debug|x64.ActiveCfg = Debug|Any CPU
		{A2A263D5-6E20-4C38-9F6E-26B2B3F6B008}.Debug|x64.Build.0 = Debug|Any CPU
		{A2A263D5-6E20-4C38-9F6E-26B2B3F6B008}.Debug|x86.ActiveCfg = Debug|Any CPU
		{A2A263D5-6E20-4C38-9F6E-26B2B3F6B008}.Debug|x86.Build.0 = Debug|Any CPU
		{A2A263D5-6E20-4C38-9F6E-26B2B3F6B008}.Release|x64.ActiveCfg = Release|Any CPU
		{A2A263D5-6E20-4C38-9F6E-26B2B3F6B008}.Release|x64.Build.0 = Release|Any CPU
		{A2A263D5-6E20-4C38-9F6E-26B2B3F6B008}.Release|x86.ActiveCfg = Release|Any CPU
		{A2A263D5-6E20-4C38-9F6E-26B2B3F6B008}.Release|x86.Build.0 = Release|Any CPU
		{3AA180B5-87DC-4CCA-BAF9-AF3407427669}.Debug|x64.ActiveCfg = Debug|Any CPU
		{3AA180B5-87DC-4CCA-BAF9-AF3407427669}.Debug|x64.Build.0 = Debug|Any CPU
		{3AA180B5-87DC-4CCA-BAF9-AF3407427669}.Debug|x86.ActiveCfg = Debug|Any CPU
		{3AA180B5-87DC-4CCA-BAF9-AF3407427669}.Debug|x86.Build.0 = Debug|Any CPU
		{3AA180B5-87DC-4CCA-BAF9-AF3407427669}.Release|x64.ActiveCfg = Release|Any CPU
		{3AA180B5-87DC-4CCA-BAF9-AF3407427669}.Release|x64.Build.0 = Release|Any CPU
		{3AA180B5-87DC-4CCA-BAF9-AF3407427669}.Release|x86.ActiveCfg = Release|Any CPU
		{3AA180B5-87DC-4CCA-BAF9-AF3407427669}.Release|x86.Build.0 = Release|Any CPU
		{D31F73ED-3978-44FA-B599-49584BA30D3A}.Debug|x64.ActiveCfg = Debug|x64
		{D31F73ED-3978-44FA-B599-49584BA30D3A}.Debug|x64.Build.0 = Debug|x64
		{D31F73ED-3978-44FA-B599-49584BA30D3A}.Debug|x86.ActiveCfg = Debug|x86
		{D31F73ED-3978-44FA-B599-49584BA30D3A}.Debug|x86.Build.0 = Debug|x86
		{D31F73ED-3978-44FA-B599-49584BA30D3A}.Release|x64.ActiveCfg = Release|x64
		{D31F73ED-3978-44FA-B599-49584BA30D3A}.Release|x64.Build.0 = Release|x64
		{D31F73ED-3978-44FA-B599-49584BA30D3A}.Release|x86.ActiveCfg = Release|x86
		{D31F73ED-3978-44FA-B599-49584BA30D3A}.Release|x86.Build.0 = Release|x86
		{CA8F01AC-9582-4820-AA24-919EC747536E}.Debug|x64.ActiveCfg = Debug|x64
		{CA8F01AC-9582-4820-AA24-919EC747536E}.Debug|x64.Build.0 = Debug|x64
		{CA8F01AC-9582-4820-AA24-919EC747536E}.Debug|x86.ActiveCfg = Debug|x86
		{CA8F01AC-9582-4820-AA24-919EC747536E}.Debug|x86.Build.0 = Debug|x86
		{CA8F01AC-9582-4820-AA24-919EC747536E}.Release|x64.ActiveCfg = Release|x64
		{CA8F01AC-9582-4820-AA24-919EC747536E}.Release|x64.Build.0 = Release|x64
		{CA8F01AC-9582-4820-AA24-919EC747536E}.Release|x86.ActiveCfg = Release|x86
		{CA8F01AC-9582-4820-AA24-919EC747536E}.Release|x86.Build.0 = Release|x86
		{F43D0210-4CED-49B0-93C4-C694EFB44282}.Debug|x64.ActiveCfg = Debug|x64
		{F43D0210-4CED-49B0-93C4-C694EFB44282}.Debug|x64.Build.0 = Debug|x64
		{F43D0210-4CED-49B0-93C4-C694EFB44282}.Debug|x86.ActiveCfg = Debug|x86
		{F43D0210-4CED-49B0-93C4-C694EFB44282}.Debug|x86.Build.0 = Debug|x86
		{F43D0210-4CED-49B0-93C4-C694EFB44282}.Release|x64.ActiveCfg = Release|x64
		{F43D0210-4CED-49B0-93C4-C694EFB44282}.Release|x64.Build.0 = Release|x64
		{F43D0210-4CED-49B0-93C4-C694EFB44282}.Release|x86.ActiveCfg = Release|x86
		{F43D0210-4CED-49B0-93C4-C694EFB44282}.Release|x86.Build.0 = Release|x86
	EndGlobalSection
	GlobalSection(SolutionProperties) = preSolution
		HideSolutionNode = FALSE
	EndGlobalSection
	GlobalSection(NestedProjects) = preSolution
		{D31F73ED-3978-44FA-B599-49584BA30D3A} = {36B0F19D-2DBB-4E61-A673-F84749DC148E}
		{CA8F01AC-9582-4820-AA24-919EC747536E} = {36B0F19D-2DBB-4E61-A673-F84749DC148E}
		{F43D0210-4CED-49B0-93C4-C694EFB44282} = {36B0F19D-2DBB-4E61-A673-F84749DC148E}
	EndGlobalSection
EndGlobal
